
Microsoft Visual Studio Solution File, Format Version 12.00
# Visual Studio Version 17
VisualStudioVersion = 17.0.32112.339
MinimumVisualStudioVersion = 10.0.40219.1
Project("{FAE04EC0-301F-11D3-BF4B-00C04F79EFBC}") = "NumberValidation", "NumberValidation\NumberValidation.csproj", "{883D2276-5A56-42C5-8E8C-A2C529ACFC8B}"
EndProject
Global
	GlobalSection(SolutionConfigurationPlatforms) = preSolution
		Debug|Any CPU = Debug|Any CPU
		Release|Any CPU = Release|Any CPU
	EndGlobalSection
	GlobalSection(ProjectConfigurationPlatforms) = postSolution
		{883D2276-5A56-42C5-8E8C-A2C529ACFC8B}.Debug|Any CPU.ActiveCfg = Debug|Any CPU
		{883D2276-5A56-42C5-8E8C-A2C529ACFC8B}.Debug|Any CPU.Build.0 = Debug|Any CPU
		{883D2276-5A56-42C5-8E8C-A2C529ACFC8B}.Release|Any CPU.ActiveCfg = Release|Any CPU
		{883D2276-5A56-42C5-8E8C-A2C529ACFC8B}.Release|Any CPU.Build.0 = Release|Any CPU
	EndGlobalSection
	GlobalSection(SolutionProperties) = preSolution
		HideSolutionNode = FALSE
	EndGlobalSection
	GlobalSection(ExtensibilityGlobals) = postSolution
		SolutionGuid = {F3A5D818-725B-4014-80AC-DC03C104FDE6}
	EndGlobalSection
EndGlobal
